
Microsoft Visual Studio Solution File, Format Version 12.00
# Visual Studio Version 17
VisualStudioVersion = 17.11.35222.181
MinimumVisualStudioVersion = 10.0.40219.1
Project("{FAE04EC0-301F-11D3-BF4B-00C04F79EFBC}") = "Download", "Download\Download.csproj", "{869644CD-787A-4398-B9AC-0D2360B8736F}"
EndProject
Global
	GlobalSection(SolutionConfigurationPlatforms) = preSolution
		Debug|Any CPU = Debug|Any CPU
		Release|Any CPU = Release|Any CPU
	EndGlobalSection
	GlobalSection(ProjectConfigurationPlatforms) = postSolution
		{869644CD-787A-4398-B9AC-0D2360B8736F}.Debug|Any CPU.ActiveCfg = Debug|Any CPU
		{869644CD-787A-4398-B9AC-0D2360B8736F}.Debug|Any CPU.Build.0 = Debug|Any CPU
		{869644CD-787A-4398-B9AC-0D2360B8736F}.Release|Any CPU.ActiveCfg = Release|Any CPU
		{869644CD-787A-4398-B9AC-0D2360B8736F}.Release|Any CPU.Build.0 = Release|Any CPU
	EndGlobalSection
	GlobalSection(SolutionProperties) = preSolution
		HideSolutionNode = FALSE
	EndGlobalSection
	GlobalSection(ExtensibilityGlobals) = postSolution
		SolutionGuid = {D5F57882-1A50-4C08-AEAC-375D87BC1FBA}
	EndGlobalSection
EndGlobal
